
Microsoft Visual Studio Solution File, Format Version 12.00
# Visual Studio 2012
Project("{FAE04EC0-301F-11D3-BF4B-00C04F79EFBC}") = "Metrics", "Metrics.csproj", "{B81D60BF-B084-4CF0-9321-00CF37D9D8BE}"
EndProject
Project("{FAE04EC0-301F-11D3-BF4B-00C04F79EFBC}") = "MetricsTests", "MetricsTests\MetricsTests.csproj", "{A4E3069E-AD3C-456B-8B9D-4BEF50F3D24B}"
EndProject
Project("{FAE04EC0-301F-11D3-BF4B-00C04F79EFBC}") = "MetricsApp", "..\MetricsApp\MetricsApp.csproj", "{EB11C333-0DDC-4083-8939-A9B1338C8222}"
EndProject
Global
	GlobalSection(SolutionConfigurationPlatforms) = preSolution
		Debug|Any CPU = Debug|Any CPU
		Release|Any CPU = Release|Any CPU
	EndGlobalSection
	GlobalSection(ProjectConfigurationPlatforms) = postSolution
		{B81D60BF-B084-4CF0-9321-00CF37D9D8BE}.Debug|Any CPU.ActiveCfg = Debug|Any CPU
		{B81D60BF-B084-4CF0-9321-00CF37D9D8BE}.Debug|Any CPU.Build.0 = Debug|Any CPU
		{B81D60BF-B084-4CF0-9321-00CF37D9D8BE}.Release|Any CPU.ActiveCfg = Release|Any CPU
		{B81D60BF-B084-4CF0-9321-00CF37D9D8BE}.Release|Any CPU.Build.0 = Release|Any CPU
		{A4E3069E-AD3C-456B-8B9D-4BEF50F3D24B}.Debug|Any CPU.ActiveCfg = Debug|Any CPU
		{A4E3069E-AD3C-456B-8B9D-4BEF50F3D24B}.Debug|Any CPU.Build.0 = Debug|Any CPU
		{A4E3069E-AD3C-456B-8B9D-4BEF50F3D24B}.Release|Any CPU.ActiveCfg = Release|Any CPU
		{A4E3069E-AD3C-456B-8B9D-4BEF50F3D24B}.Release|Any CPU.Build.0 = Release|Any CPU
		{EB11C333-0DDC-4083-8939-A9B1338C8222}.Debug|Any CPU.ActiveCfg = Debug|Any CPU
		{EB11C333-0DDC-4083-8939-A9B1338C8222}.Debug|Any CPU.Build.0 = Debug|Any CPU
		{EB11C333-0DDC-4083-8939-A9B1338C8222}.Release|Any CPU.ActiveCfg = Release|Any CPU
		{EB11C333-0DDC-4083-8939-A9B1338C8222}.Release|Any CPU.Build.0 = Release|Any CPU
	EndGlobalSection
	GlobalSection(SolutionProperties) = preSolution
		HideSolutionNode = FALSE
	EndGlobalSection
EndGlobal
